{
  "requires": true,
  "lockfileVersion": 1,
  "dependencies": {
    "adler-32": {
      "version": "1.1.0",
      "resolved": "https://registry.npmjs.org/adler-32/-/adler-32-1.1.0.tgz",
      "integrity": "sha1-A1UaXH8O371PyPoSpoFJeOq2UcM=",
      "requires": {
        "exit-on-epipe": "1.0.1",
        "printj": "1.1.0"
      }
    },
    "cfb": {
      "version": "0.12.1",
      "resolved": "https://registry.npmjs.org/cfb/-/cfb-0.12.1.tgz",
      "integrity": "sha512-cP+4A0tTqtyza5gJwNwDetZ8FPjl0gPLE7mIxGKyUzOS6HkM23WaAWW/l3t7jIQSMqVXroa09Ey0lo7gV8LNxw==",
      "requires": {
        "commander": "2.11.0",
        "printj": "1.1.0"
      }
    },
    "codepage": {
      "version": "1.11.0",
      "resolved": "https://registry.npmjs.org/codepage/-/codepage-1.11.0.tgz",
      "integrity": "sha1-EHYJW58DtcoE9Dhz+hpid0IoXeI=",
      "requires": {
        "commander": "2.11.0",
        "exit-on-epipe": "1.0.1",
        "voc": "1.0.0"
      }
    },
    "commander": {
      "version": "2.11.0",
      "resolved": "https://registry.npmjs.org/commander/-/commander-2.11.0.tgz",
      "integrity": "sha512-b0553uYA5YAEGgyYIGYROzKQ7X5RAqedkfjiZxwi0kL1g3bOaBNNZfYkzt/CL0umgD5wc9Jec2FbB98CjkMRvQ=="
    },
    "crc-32": {
      "version": "1.1.0",
      "resolved": "https://registry.npmjs.org/crc-32/-/crc-32-1.1.0.tgz",
      "integrity": "sha1-MB70ocIhetyEY7bm6WxORDEOEMc=",
      "requires": {
        "exit-on-epipe": "1.0.1",
        "printj": "1.1.0"
      }
    },
    "exit-on-epipe": {
      "version": "1.0.1",
      "resolved": "https://registry.npmjs.org/exit-on-epipe/-/exit-on-epipe-1.0.1.tgz",
      "integrity": "sha512-h2z5mrROTxce56S+pnvAV890uu7ls7f1kEvVGJbw1OlFH3/mlJ5bkXu0KRyW94v37zzHPiUd55iLn3DA7TjWpw=="
    },
    "file-saver": {
      "version": "1.3.3",
      "resolved": "https://registry.npmjs.org/file-saver/-/file-saver-1.3.3.tgz",
      "integrity": "sha1-zdTETTqiZOrC9o7BZbx5HDSvEjI="
    },
    "frac": {
      "version": "1.1.0",
      "resolved": "https://registry.npmjs.org/frac/-/frac-1.1.0.tgz",
      "integrity": "sha1-3EN+nGpka2CxJ9gqxJAkZERcweM=",
      "requires": {
        "voc": "1.0.0"
      }
    },
    "linq": {
      "version": "3.0.9",
      "resolved": "https://registry.npmjs.org/linq/-/linq-3.0.9.tgz",
      "integrity": "sha512-9kDSW2s4sjajLcGN4f+pRiwYZrbqmwDibQyysEgRSvA8dgHmqEEruYQX4GNBQAiOYcMv8IdUbCWgDq6eUidkKQ=="
    },
    "printj": {
      "version": "1.1.0",
      "resolved": "https://registry.npmjs.org/printj/-/printj-1.1.0.tgz",
      "integrity": "sha512-NbiNBOQ0GioHyeD3ni8wZB7ZmfU7mxIrqhWR5XSreX3rUVvk5UOwpzxOnWqrLdCtoBbdQ40sEwC+nXxxjlUo0A=="
    },
    "ssf": {
      "version": "0.10.1",
      "resolved": "https://registry.npmjs.org/ssf/-/ssf-0.10.1.tgz",
      "integrity": "sha1-8j2CtjeS71YIkInBzQyEjpEc26Y=",
      "requires": {
        "frac": "1.1.0"
      }
    },
    "voc": {
      "version": "1.0.0",
      "resolved": "https://registry.npmjs.org/voc/-/voc-1.0.0.tgz",
      "integrity": "sha512-mQwxWlK+zosxxDTqiFb9ZQBNgd794scgkhVwca7h9sEhvA52f3VzbOK+TOWeS8eSrFXnfuKrxElSPc5oLAetfw=="
    },
    "xlsx": {
      "version": "0.11.3",
      "resolved": "https://registry.npmjs.org/xlsx/-/xlsx-0.11.3.tgz",
      "integrity": "sha1-1TlBN9XRplsEa75BwqTXRor4Zws=",
      "requires": {
        "adler-32": "1.1.0",
        "cfb": "0.12.1",
        "codepage": "1.11.0",
        "commander": "2.11.0",
        "crc-32": "1.1.0",
        "exit-on-epipe": "1.0.1",
        "ssf": "0.10.1"
      }
    }
  }
}
